// !$*UTF8*$!
{
	archiveVersion = 1;
	classes = {
	};
	objectVersion = 56;
	objects = {

/* Begin PBXBuildFile section */
		D611E1A72B4E9DBA009F58A8 /* SwiftUIPDFViewApp.swift in Sources */ = {isa = PBXBuildFile; fileRef = D611E1A62B4E9DBA009F58A8 /* SwiftUIPDFViewApp.swift */; };
		D611E1A92B4E9DBA009F58A8 /* ContentView.swift in Sources */ = {isa = PBXBuildFile; fileRef = D611E1A82B4E9DBA009F58A8 /* ContentView.swift */; };
		D611E1AB2B4E9DBC009F58A8 /* Assets.xcassets in Resources */ = {isa = PBXBuildFile; fileRef = D611E1AA2B4E9DBC009F58A8 /* Assets.xcassets */; };
		D611E1AE2B4E9DBC009F58A8 /* Preview Assets.xcassets in Resources */ = {isa = PBXBuildFile; fileRef = D611E1AD2B4E9DBC009F58A8 /* Preview Assets.xcassets */; };
		D611E1B82B4E9DBC009F58A8 /* SwiftUIPDFViewTests.swift in Sources */ = {isa = PBXBuildFile; fileRef = D611E1B72B4E9DBC009F58A8 /* SwiftUIPDFViewTests.swift */; };
		D611E1C22B4E9DBC009F58A8 /* SwiftUIPDFViewUITests.swift in Sources */ = {isa = PBXBuildFile; fileRef = D611E1C12B4E9DBC009F58A8 /* SwiftUIPDFViewUITests.swift */; };
		D611E1C42B4E9DBC009F58A8 /* SwiftUIPDFViewUITestsLaunchTests.swift in Sources */ = {isa = PBXBuildFile; fileRef = D611E1C32B4E9DBC009F58A8 /* SwiftUIPDFViewUITestsLaunchTests.swift */; };
		D611E1D12B4E9DEE009F58A8 /* PDFViewer.swift in Sources */ = {isa = PBXBuildFile; fileRef = D611E1D02B4E9DED009F58A8 /* PDFViewer.swift */; };
		D611E1D42B4EC833009F58A8 /* LaunchScreen.storyboard in Resources */ = {isa = PBXBuildFile; fileRef = D611E1D32B4EC833009F58A8 /* LaunchScreen.storyboard */; };
/* End PBXBuildFile section */

/* Begin PBXContainerItemProxy section */
		D611E1B42B4E9DBC009F58A8 /* PBXContainerItemProxy */ = {
			isa = PBXContainerItemProxy;
			containerPortal = D611E19B2B4E9DBA009F58A8 /* Project object */;
			proxyType = 1;
			remoteGlobalIDString = D611E1A22B4E9DBA009F58A8;
			remoteInfo = SwiftUIPDFView;
		};
		D611E1BE2B4E9DBC009F58A8 /* PBXContainerItemProxy */ = {
			isa = PBXContainerItemProxy;
			containerPortal = D611E19B2B4E9DBA009F58A8 /* Project object */;
			proxyType = 1;
			remoteGlobalIDString = D611E1A22B4E9DBA009F58A8;
			remoteInfo = SwiftUIPDFView;
		};
/* End PBXContainerItemProxy section */

/* Begin PBXFileReference section */
		D611E1A32B4E9DBA009F58A8 /* SwiftUIPDFView.app */ = {isa = PBXFileReference; explicitFileType = wrapper.application; includeInIndex = 0; path = SwiftUIPDFView.app; sourceTree = BUILT_PRODUCTS_DIR; };
		D611E1A62B4E9DBA009F58A8 /* SwiftUIPDFViewApp.swift */ = {isa = PBXFileReference; lastKnownFileType = sourcecode.swift; path = SwiftUIPDFViewApp.swift; sourceTree = "<group>"; };
		D611E1A82B4E9DBA009F58A8 /* ContentView.swift */ = {isa = PBXFileReference; lastKnownFileType = sourcecode.swift; path = ContentView.swift; sourceTree = "<group>"; };
		D611E1AA2B4E9DBC009F58A8 /* Assets.xcassets */ = {isa = PBXFileReference; lastKnownFileType = folder.assetcatalog; path = Assets.xcassets; sourceTree = "<group>"; };
		D611E1AD2B4E9DBC009F58A8 /* Preview Assets.xcassets */ = {isa = PBXFileReference; lastKnownFileType = folder.assetcatalog; path = "Preview Assets.xcassets"; sourceTree = "<group>"; };
		D611E1B32B4E9DBC009F58A8 /* SwiftUIPDFViewTests.xctest */ = {isa = PBXFileReference; explicitFileType = wrapper.cfbundle; includeInIndex = 0; path = SwiftUIPDFViewTests.xctest; sourceTree = BUILT_PRODUCTS_DIR; };
		D611E1B72B4E9DBC009F58A8 /* SwiftUIPDFViewTests.swift */ = {isa = PBXFileReference; lastKnownFileType = sourcecode.swift; path = SwiftUIPDFViewTests.swift; sourceTree = "<group>"; };
		D611E1BD2B4E9DBC009F58A8 /* SwiftUIPDFViewUITests.xctest */ = {isa = PBXFileReference; explicitFileType = wrapper.cfbundle; includeInIndex = 0; path = SwiftUIPDFViewUITests.xctest; sourceTree = BUILT_PRODUCTS_DIR; };
		D611E1C12B4E9DBC009F58A8 /* SwiftUIPDFViewUITests.swift */ = {isa = PBXFileReference; lastKnownFileType = sourcecode.swift; path = SwiftUIPDFViewUITests.swift; sourceTree = "<group>"; };
		D611E1C32B4E9DBC009F58A8 /* SwiftUIPDFViewUITestsLaunchTests.swift */ = {isa = PBXFileReference; lastKnownFileType = sourcecode.swift; path = SwiftUIPDFViewUITestsLaunchTests.swift; sourceTree = "<group>"; };
		D611E1D02B4E9DED009F58A8 /* PDFViewer.swift */ = {isa = PBXFileReference; lastKnownFileType = sourcecode.swift; path = PDFViewer.swift; sourceTree = "<group>"; };
		D611E1D32B4EC833009F58A8 /* LaunchScreen.storyboard */ = {isa = PBXFileReference; lastKnownFileType = file.storyboard; path = LaunchScreen.storyboard; sourceTree = "<group>"; };
/* End PBXFileReference section */

/* Begin PBXFrameworksBuildPhase section */
		D611E1A02B4E9DBA009F58A8 /* Frameworks */ = {
			isa = PBXFrameworksBuildPhase;
			buildActionMask = 2147483647;
			files = (
			);
			runOnlyForDeploymentPostprocessing = 0;
		};
		D611E1B02B4E9DBC009F58A8 /* Frameworks */ = {
			isa = PBXFrameworksBuildPhase;
			buildActionMask = 2147483647;
			files = (
			);
			runOnlyForDeploymentPostprocessing = 0;
		};
		D611E1BA2B4E9DBC009F58A8 /* Frameworks */ = {
			isa = PBXFrameworksBuildPhase;
			buildActionMask = 2147483647;
			files = (
			);
			runOnlyForDeploymentPostprocessing = 0;
		};
/* End PBXFrameworksBuildPhase section */

/* Begin PBXGroup section */
		D611E19A2B4E9DBA009F58A8 = {
			isa = PBXGroup;
			children = (
				D611E1A52B4E9DBA009F58A8 /* SwiftUIPDFView */,
				D611E1B62B4E9DBC009F58A8 /* SwiftUIPDFViewTests */,
				D611E1C02B4E9DBC009F58A8 /* SwiftUIPDFViewUITests */,
				D611E1A42B4E9DBA009F58A8 /* Products */,
			);
			sourceTree = "<group>";
		};
		D611E1A42B4E9DBA009F58A8 /* Products */ = {
			isa = PBXGroup;
			children = (
				D611E1A32B4E9DBA009F58A8 /* SwiftUIPDFView.app */,
				D611E1B32B4E9DBC009F58A8 /* SwiftUIPDFViewTests.xctest */,
				D611E1BD2B4E9DBC009F58A8 /* SwiftUIPDFViewUITests.xctest */,
			);
			name = Products;
			sourceTree = "<group>";
		};
		D611E1A52B4E9DBA009F58A8 /* SwiftUIPDFView */ = {
			isa = PBXGroup;
			children = (
				D611E1D22B4EC7FB009F58A8 /* View */,
				D611E1A62B4E9DBA009F58A8 /* SwiftUIPDFViewApp.swift */,
				D611E1AA2B4E9DBC009F58A8 /* Assets.xcassets */,
				D611E1AC2B4E9DBC009F58A8 /* Preview Content */,
				D611E1D32B4EC833009F58A8 /* LaunchScreen.storyboard */,
			);
			path = SwiftUIPDFView;
			sourceTree = "<group>";
		};
		D611E1AC2B4E9DBC009F58A8 /* Preview Content */ = {
			isa = PBXGroup;
			children = (
				D611E1AD2B4E9DBC009F58A8 /* Preview Assets.xcassets */,
			);
			path = "Preview Content";
			sourceTree = "<group>";
		};
		D611E1B62B4E9DBC009F58A8 /* SwiftUIPDFViewTests */ = {
			isa = PBXGroup;
			children = (
				D611E1B72B4E9DBC009F58A8 /* SwiftUIPDFViewTests.swift */,
			);
			path = SwiftUIPDFViewTests;
			sourceTree = "<group>";
		};
		D611E1C02B4E9DBC009F58A8 /* SwiftUIPDFViewUITests */ = {
			isa = PBXGroup;
			children = (
				D611E1C12B4E9DBC009F58A8 /* SwiftUIPDFViewUITests.swift */,
				D611E1C32B4E9DBC009F58A8 /* SwiftUIPDFViewUITestsLaunchTests.swift */,
			);
			path = SwiftUIPDFViewUITests;
			sourceTree = "<group>";
		};
		D611E1D22B4EC7FB009F58A8 /* View */ = {
			isa = PBXGroup;
			children = (
				D611E1D02B4E9DED009F58A8 /* PDFViewer.swift */,
				D611E1A82B4E9DBA009F58A8 /* ContentView.swift */,
			);
			path = View;
			sourceTree = "<group>";
		};
/* End PBXGroup section */

/* Begin PBXNativeTarget section */
		D611E1A22B4E9DBA009F58A8 /* SwiftUIPDFView */ = {
			isa = PBXNativeTarget;
			buildConfigurationList = D611E1C72B4E9DBC009F58A8 /* Build configuration list for PBXNativeTarget "SwiftUIPDFView" */;
			buildPhases = (
				D611E19F2B4E9DBA009F58A8 /* Sources */,
				D611E1A02B4E9DBA009F58A8 /* Frameworks */,
				D611E1A12B4E9DBA009F58A8 /* Resources */,
			);
			buildRules = (
			);
			dependencies = (
			);
			name = SwiftUIPDFView;
			productName = SwiftUIPDFView;
			productReference = D611E1A32B4E9DBA009F58A8 /* SwiftUIPDFView.app */;
			productType = "com.apple.product-type.application";
		};
		D611E1B22B4E9DBC009F58A8 /* SwiftUIPDFViewTests */ = {
			isa = PBXNativeTarget;
			buildConfigurationList = D611E1CA2B4E9DBC009F58A8 /* Build configuration list for PBXNativeTarget "SwiftUIPDFViewTests" */;
			buildPhases = (
				D611E1AF2B4E9DBC009F58A8 /* Sources */,
				D611E1B02B4E9DBC009F58A8 /* Frameworks */,
				D611E1B12B4E9DBC009F58A8 /* Resources */,
			);
			buildRules = (
			);
			dependencies = (
				D611E1B52B4E9DBC009F58A8 /* PBXTargetDependency */,
			);
			name = SwiftUIPDFViewTests;
			productName = SwiftUIPDFViewTests;
			productReference = D611E1B32B4E9DBC009F58A8 /* SwiftUIPDFViewTests.xctest */;
			productType = "com.apple.product-type.bundle.unit-test";
		};
		D611E1BC2B4E9DBC009F58A8 /* SwiftUIPDFViewUITests */ = {
			isa = PBXNativeTarget;
			buildConfigurationList = D611E1CD2B4E9DBC009F58A8 /* Build configuration list for PBXNativeTarget "SwiftUIPDFViewUITests" */;
			buildPhases = (
				D611E1B92B4E9DBC009F58A8 /* Sources */,
				D611E1BA2B4E9DBC009F58A8 /* Frameworks */,
				D611E1BB2B4E9DBC009F58A8 /* Resources */,
			);
			buildRules = (
			);
			dependencies = (
				D611E1BF2B4E9DBC009F58A8 /* PBXTargetDependency */,
			);
			name = SwiftUIPDFViewUITests;
			productName = SwiftUIPDFViewUITests;
			productReference = D611E1BD2B4E9DBC009F58A8 /* SwiftUIPDFViewUITests.xctest */;
			productType = "com.apple.product-type.bundle.ui-testing";
		};
/* End PBXNativeTarget section */

/* Begin PBXProject section */
		D611E19B2B4E9DBA009F58A8 /* Project object */ = {
			isa = PBXProject;
			attributes = {
				BuildIndependentTargetsInParallel = 1;
				LastSwiftUpdateCheck = 1520;
				LastUpgradeCheck = 1520;
				TargetAttributes = {
					D611E1A22B4E9DBA009F58A8 = {
						CreatedOnToolsVersion = 15.2;
					};
					D611E1B22B4E9DBC009F58A8 = {
						CreatedOnToolsVersion = 15.2;
						TestTargetID = D611E1A22B4E9DBA009F58A8;
					};
					D611E1BC2B4E9DBC009F58A8 = {
						CreatedOnToolsVersion = 15.2;
						TestTargetID = D611E1A22B4E9DBA009F58A8;
					};
				};
			};
			buildConfigurationList = D611E19E2B4E9DBA009F58A8 /* Build configuration list for PBXProject "SwiftUIPDFView" */;
			compatibilityVersion = "Xcode 14.0";
			developmentRegion = en;
			hasScannedForEncodings = 0;
			knownRegions = (
				en,
				Base,
			);
			mainGroup = D611E19A2B4E9DBA009F58A8;
			productRefGroup = D611E1A42B4E9DBA009F58A8 /* Products */;
			projectDirPath = "";
			projectRoot = "";
			targets = (
				D611E1A22B4E9DBA009F58A8 /* SwiftUIPDFView */,
				D611E1B22B4E9DBC009F58A8 /* SwiftUIPDFViewTests */,
				D611E1BC2B4E9DBC009F58A8 /* SwiftUIPDFViewUITests */,
			);
		};
/* End PBXProject section */

/* Begin PBXResourcesBuildPhase section */
		D611E1A12B4E9DBA009F58A8 /* Resources */ = {
			isa = PBXResourcesBuildPhase;
			buildActionMask = 2147483647;
			files = (
				D611E1D42B4EC833009F58A8 /* LaunchScreen.storyboard in Resources */,
				D611E1AE2B4E9DBC009F58A8 /* Preview Assets.xcassets in Resources */,
				D611E1AB2B4E9DBC009F58A8 /* Assets.xcassets in Resources */,
			);
			runOnlyForDeploymentPostprocessing = 0;
		};
		D611E1B12B4E9DBC009F58A8 /* Resources */ = {
			isa = PBXResourcesBuildPhase;
			buildActionMask = 2147483647;
			files = (
			);
			runOnlyForDeploymentPostprocessing = 0;
		};
		D611E1BB2B4E9DBC009F58A8 /* Resources */ = {
			isa = PBXResourcesBuildPhase;
			buildActionMask = 2147483647;
			files = (
			);
			runOnlyForDeploymentPostprocessing = 0;
		};
/* End PBXResourcesBuildPhase section */

/* Begin PBXSourcesBuildPhase section */
		D611E19F2B4E9DBA009F58A8 /* Sources */ = {
			isa = PBXSourcesBuildPhase;
			buildActionMask = 2147483647;
			files = (
				D611E1A92B4E9DBA009F58A8 /* ContentView.swift in Sources */,
				D611E1A72B4E9DBA009F58A8 /* SwiftUIPDFViewApp.swift in Sources */,
				D611E1D12B4E9DEE009F58A8 /* PDFViewer.swift in Sources */,
			);
			runOnlyForDeploymentPostprocessing = 0;
		};
		D611E1AF2B4E9DBC009F58A8 /* Sources */ = {
			isa = PBXSourcesBuildPhase;
			buildActionMask = 2147483647;
			files = (
				D611E1B82B4E9DBC009F58A8 /* SwiftUIPDFViewTests.swift in Sources */,
			);
			runOnlyForDeploymentPostprocessing = 0;
		};
		D611E1B92B4E9DBC009F58A8 /* Sources */ = {
			isa = PBXSourcesBuildPhase;
			buildActionMask = 2147483647;
			files = (
				D611E1C42B4E9DBC009F58A8 /* SwiftUIPDFViewUITestsLaunchTests.swift in Sources */,
				D611E1C22B4E9DBC009F58A8 /* SwiftUIPDFViewUITests.swift in Sources */,
			);
			runOnlyForDeploymentPostprocessing = 0;
		};
/* End PBXSourcesBuildPhase section */

/* Begin PBXTargetDependency section */
		D611E1B52B4E9DBC009F58A8 /* PBXTargetDependency */ = {
			isa = PBXTargetDependency;
			target = D611E1A22B4E9DBA009F58A8 /* SwiftUIPDFView */;
			targetProxy = D611E1B42B4E9DBC009F58A8 /* PBXContainerItemProxy */;
		};
		D611E1BF2B4E9DBC009F58A8 /* PBXTargetDependency */ = {
			isa = PBXTargetDependency;
			target = D611E1A22B4E9DBA009F58A8 /* SwiftUIPDFView */;
			targetProxy = D611E1BE2B4E9DBC009F58A8 /* PBXContainerItemProxy */;
		};
/* End PBXTargetDependency section */

/* Begin XCBuildConfiguration section */
		D611E1C52B4E9DBC009F58A8 /* Debug */ = {
			isa = XCBuildConfiguration;
			buildSettings = {
				ALWAYS_SEARCH_USER_PATHS = NO;
				ASSETCATALOG_COMPILER_GENERATE_SWIFT_ASSET_SYMBOL_EXTENSIONS = YES;
				CLANG_ANALYZER_NONNULL = YES;
				CLANG_ANALYZER_NUMBER_OBJECT_CONVERSION = YES_AGGRESSIVE;
				CLANG_CXX_LANGUAGE_STANDARD = "gnu++20";
				CLANG_ENABLE_MODULES = YES;
				CLANG_ENABLE_OBJC_ARC = YES;
				CLANG_ENABLE_OBJC_WEAK = YES;
				CLANG_WARN_BLOCK_CAPTURE_AUTORELEASING = YES;
				CLANG_WARN_BOOL_CONVERSION = YES;
				CLANG_WARN_COMMA = YES;
				CLANG_WARN_CONSTANT_CONVERSION = YES;
				CLANG_WARN_DEPRECATED_OBJC_IMPLEMENTATIONS = YES;
				CLANG_WARN_DIRECT_OBJC_ISA_USAGE = YES_ERROR;
				CLANG_WARN_DOCUMENTATION_COMMENTS = YES;
				CLANG_WARN_EMPTY_BODY = YES;
				CLANG_WARN_ENUM_CONVERSION = YES;
				CLANG_WARN_INFINITE_RECURSION = YES;
				CLANG_WARN_INT_CONVERSION = YES;
				CLANG_WARN_NON_LITERAL_NULL_CONVERSION = YES;
				CLANG_WARN_OBJC_IMPLICIT_RETAIN_SELF = YES;
				CLANG_WARN_OBJC_LITERAL_CONVERSION = YES;
				CLANG_WARN_OBJC_ROOT_CLASS = YES_ERROR;
				CLANG_WARN_QUOTED_INCLUDE_IN_FRAMEWORK_HEADER = YES;
				CLANG_WARN_RANGE_LOOP_ANALYSIS = YES;
				CLANG_WARN_STRICT_PROTOTYPES = YES;
				CLANG_WARN_SUSPICIOUS_MOVE = YES;
				CLANG_WARN_UNGUARDED_AVAILABILITY = YES_AGGRESSIVE;
				CLANG_WARN_UNREACHABLE_CODE = YES;
				CLANG_WARN__DUPLICATE_METHOD_MATCH = YES;
				COPY_PHASE_STRIP = NO;
				DEBUG_INFORMATION_FORMAT = dwarf;
				ENABLE_STRICT_OBJC_MSGSEND = YES;
				ENABLE_TESTABILITY = YES;
				ENABLE_USER_SCRIPT_SANDBOXING = YES;
				GCC_C_LANGUAGE_STANDARD = gnu17;
				GCC_DYNAMIC_NO_PIC = NO;
				GCC_NO_COMMON_BLOCKS = YES;
				GCC_OPTIMIZATION_LEVEL = 0;
				GCC_PREPROCESSOR_DEFINITIONS = (
					"DEBUG=1",
					"$(inherited)",
				);
				GCC_WARN_64_TO_32_BIT_CONVERSION = YES;
				GCC_WARN_ABOUT_RETURN_TYPE = YES_ERROR;
				GCC_WARN_UNDECLARED_SELECTOR = YES;
				GCC_WARN_UNINITIALIZED_AUTOS = YES_AGGRESSIVE;
				GCC_WARN_UNUSED_FUNCTION = YES;
				GCC_WARN_UNUSED_VARIABLE = YES;
				IPHONEOS_DEPLOYMENT_TARGET = 17.2;
				LOCALIZATION_PREFERS_STRING_CATALOGS = YES;
				MTL_ENABLE_DEBUG_INFO = INCLUDE_SOURCE;
				MTL_FAST_MATH = YES;
				ONLY_ACTIVE_ARCH = YES;
				SDKROOT = iphoneos;
				SWIFT_ACTIVE_COMPILATION_CONDITIONS = "DEBUG $(inherited)";
				SWIFT_OPTIMIZATION_LEVEL = "-Onone";
			};
			name = Debug;
		};
		D611E1C62B4E9DBC009F58A8 /* Release */ = {
			isa = XCBuildConfiguration;
			buildSettings = {
				ALWAYS_SEARCH_USER_PATHS = NO;
				ASSETCATALOG_COMPILER_GENERATE_SWIFT_ASSET_SYMBOL_EXTENSIONS = YES;
				CLANG_ANALYZER_NONNULL = YES;
				CLANG_ANALYZER_NUMBER_OBJECT_CONVERSION = YES_AGGRESSIVE;
				CLANG_CXX_LANGUAGE_STANDARD = "gnu++20";
				CLANG_ENABLE_MODULES = YES;
				CLANG_ENABLE_OBJC_ARC = YES;
				CLANG_ENABLE_OBJC_WEAK = YES;
				CLANG_WARN_BLOCK_CAPTURE_AUTORELEASING = YES;
				CLANG_WARN_BOOL_CONVERSION = YES;
				CLANG_WARN_COMMA = YES;
				CLANG_WARN_CONSTANT_CONVERSION = YES;
				CLANG_WARN_DEPRECATED_OBJC_IMPLEMENTATIONS = YES;
				CLANG_WARN_DIRECT_OBJC_ISA_USAGE = YES_ERROR;
				CLANG_WARN_DOCUMENTATION_COMMENTS = YES;
				CLANG_WARN_EMPTY_BODY = YES;
				CLANG_WARN_ENUM_CONVERSION = YES;
				CLANG_WARN_INFINITE_RECURSION = YES;
				CLANG_WARN_INT_CONVERSION = YES;
				CLANG_WARN_NON_LITERAL_NULL_CONVERSION = YES;
				CLANG_WARN_OBJC_IMPLICIT_RETAIN_SELF = YES;
				CLANG_WARN_OBJC_LITERAL_CONVERSION = YES;
				CLANG_WARN_OBJC_ROOT_CLASS = YES_ERROR;
				CLANG_WARN_QUOTED_INCLUDE_IN_FRAMEWORK_HEADER = YES;
				CLANG_WARN_RANGE_LOOP_ANALYSIS = YES;
				CLANG_WARN_STRICT_PROTOTYPES = YES;
				CLANG_WARN_SUSPICIOUS_MOVE = YES;
				CLANG_WARN_UNGUARDED_AVAILABILITY = YES_AGGRESSIVE;
				CLANG_WARN_UNREACHABLE_CODE = YES;
				CLANG_WARN__DUPLICATE_METHOD_MATCH = YES;
				COPY_PHASE_STRIP = NO;
				DEBUG_INFORMATION_FORMAT = "dwarf-with-dsym";
				ENABLE_NS_ASSERTIONS = NO;
				ENABLE_STRICT_OBJC_MSGSEND = YES;
				ENABLE_USER_SCRIPT_SANDBOXING = YES;
				GCC_C_LANGUAGE_STANDARD = gnu17;
				GCC_NO_COMMON_BLOCKS = YES;
				GCC_WARN_64_TO_32_BIT_CONVERSION = YES;
				GCC_WARN_ABOUT_RETURN_TYPE = YES_ERROR;
				GCC_WARN_UNDECLARED_SELECTOR = YES;
				GCC_WARN_UNINITIALIZED_AUTOS = YES_AGGRESSIVE;
				GCC_WARN_UNUSED_FUNCTION = YES;
				GCC_WARN_UNUSED_VARIABLE = YES;
				IPHONEOS_DEPLOYMENT_TARGET = 17.2;
				LOCALIZATION_PREFERS_STRING_CATALOGS = YES;
				MTL_ENABLE_DEBUG_INFO = NO;
				MTL_FAST_MATH = YES;
				SDKROOT = iphoneos;
				SWIFT_COMPILATION_MODE = wholemodule;
				VALIDATE_PRODUCT = YES;
			};
			name = Release;
		};
		D611E1C82B4E9DBC009F58A8 /* Debug */ = {
			isa = XCBuildConfiguration;
			buildSettings = {
				ASSETCATALOG_COMPILER_APPICON_NAME = AppIcon;
				ASSETCATALOG_COMPILER_GLOBAL_ACCENT_COLOR_NAME = AccentColor;
				CODE_SIGN_STYLE = Automatic;
				CURRENT_PROJECT_VERSION = 1;
				DEVELOPMENT_ASSET_PATHS = "\"SwiftUIPDFView/Preview Content\"";
				ENABLE_PREVIEWS = YES;
				GENERATE_INFOPLIST_FILE = YES;
				INFOPLIST_KEY_UIApplicationSceneManifest_Generation = YES;
				INFOPLIST_KEY_UIApplicationSupportsIndirectInputEvents = YES;
				INFOPLIST_KEY_UILaunchScreen_Generation = YES;
				INFOPLIST_KEY_UILaunchStoryboardName = LaunchScreen.storyboard;
				INFOPLIST_KEY_UISupportedInterfaceOrientations_iPad = "UIInterfaceOrientationPortrait UIInterfaceOrientationPortraitUpsideDown UIInterfaceOrientationLandscapeLeft UIInterfaceOrientationLandscapeRight";
				INFOPLIST_KEY_UISupportedInterfaceOrientations_iPhone = "UIInterfaceOrientationPortrait UIInterfaceOrientationLandscapeLeft UIInterfaceOrientationLandscapeRight";
				LD_RUNPATH_SEARCH_PATHS = (
					"$(inherited)",
					"@executable_path/Frameworks",
				);
				MARKETING_VERSION = 1.0;
				PRODUCT_BUNDLE_IDENTIFIER = com.template.SwiftUIPDFView;
				PRODUCT_NAME = "$(TARGET_NAME)";
				SWIFT_EMIT_LOC_STRINGS = YES;
				SWIFT_VERSION = 5.0;
				TARGETED_DEVICE_FAMILY = "1,2";
			};
			name = Debug;
		};
		D611E1C92B4E9DBC009F58A8 /* Release */ = {
			isa = XCBuildConfiguration;
			buildSettings = {
				ASSETCATALOG_COMPILER_APPICON_NAME = AppIcon;
				ASSETCATALOG_COMPILER_GLOBAL_ACCENT_COLOR_NAME = AccentColor;
				CODE_SIGN_STYLE = Automatic;
				CURRENT_PROJECT_VERSION = 1;
				DEVELOPMENT_ASSET_PATHS = "\"SwiftUIPDFView/Preview Content\"";
				ENABLE_PREVIEWS = YES;
				GENERATE_INFOPLIST_FILE = YES;
				INFOPLIST_KEY_UIApplicationSceneManifest_Generation = YES;
				INFOPLIST_KEY_UIApplicationSupportsIndirectInputEvents = YES;
				INFOPLIST_KEY_UILaunchScreen_Generation = YES;
				INFOPLIST_KEY_UILaunchStoryboardName = LaunchScreen.storyboard;
				INFOPLIST_KEY_UISupportedInterfaceOrientations_iPad = "UIInterfaceOrientationPortrait UIInterfaceOrientationPortraitUpsideDown UIInterfaceOrientationLandscapeLeft UIInterfaceOrientationLandscapeRight";
				INFOPLIST_KEY_UISupportedInterfaceOrientations_iPhone = "UIInterfaceOrientationPortrait UIInterfaceOrientationLandscapeLeft UIInterfaceOrientationLandscapeRight";
				LD_RUNPATH_SEARCH_PATHS = (
					"$(inherited)",
					"@executable_path/Frameworks",
				);
				MARKETING_VERSION = 1.0;
				PRODUCT_BUNDLE_IDENTIFIER = com.template.SwiftUIPDFView;
				PRODUCT_NAME = "$(TARGET_NAME)";
				SWIFT_EMIT_LOC_STRINGS = YES;
				SWIFT_VERSION = 5.0;
				TARGETED_DEVICE_FAMILY = "1,2";
			};
			name = Release;
		};
		D611E1CB2B4E9DBC009F58A8 /* Debug */ = {
			isa = XCBuildConfiguration;
			buildSettings = {
				ALWAYS_EMBED_SWIFT_STANDARD_LIBRARIES = YES;
				BUNDLE_LOADER = "$(TEST_HOST)";
				CODE_SIGN_STYLE = Automatic;
				CURRENT_PROJECT_VERSION = 1;
				GENERATE_INFOPLIST_FILE = YES;
				IPHONEOS_DEPLOYMENT_TARGET = 17.2;
				MARKETING_VERSION = 1.0;
				PRODUCT_BUNDLE_IDENTIFIER = com.template.SwiftUIPDFViewTests;
				PRODUCT_NAME = "$(TARGET_NAME)";
				SWIFT_EMIT_LOC_STRINGS = NO;
				SWIFT_VERSION = 5.0;
				TARGETED_DEVICE_FAMILY = "1,2";
				TEST_HOST = "$(BUILT_PRODUCTS_DIR)/SwiftUIPDFView.app/$(BUNDLE_EXECUTABLE_FOLDER_PATH)/SwiftUIPDFView";
			};
			name = Debug;
		};
		D611E1CC2B4E9DBC009F58A8 /* Release */ = {
			isa = XCBuildConfiguration;
			buildSettings = {
				ALWAYS_EMBED_SWIFT_STANDARD_LIBRARIES = YES;
				BUNDLE_LOADER = "$(TEST_HOST)";
				CODE_SIGN_STYLE = Automatic;
				CURRENT_PROJECT_VERSION = 1;
				GENERATE_INFOPLIST_FILE = YES;
				IPHONEOS_DEPLOYMENT_TARGET = 17.2;
				MARKETING_VERSION = 1.0;
				PRODUCT_BUNDLE_IDENTIFIER = com.template.SwiftUIPDFViewTests;
				PRODUCT_NAME = "$(TARGET_NAME)";
				SWIFT_EMIT_LOC_STRINGS = NO;
				SWIFT_VERSION = 5.0;
				TARGETED_DEVICE_FAMILY = "1,2";
				TEST_HOST = "$(BUILT_PRODUCTS_DIR)/SwiftUIPDFView.app/$(BUNDLE_EXECUTABLE_FOLDER_PATH)/SwiftUIPDFView";
			};
			name = Release;
		};
		D611E1CE2B4E9DBC009F58A8 /* Debug */ = {
			isa = XCBuildConfiguration;
			buildSettings = {
				ALWAYS_EMBED_SWIFT_STANDARD_LIBRARIES = YES;
				CODE_SIGN_STYLE = Automatic;
				CURRENT_PROJECT_VERSION = 1;
				GENERATE_INFOPLIST_FILE = YES;
				MARKETING_VERSION = 1.0;
				PRODUCT_BUNDLE_IDENTIFIER = com.template.SwiftUIPDFViewUITests;
				PRODUCT_NAME = "$(TARGET_NAME)";
				SWIFT_EMIT_LOC_STRINGS = NO;
				SWIFT_VERSION = 5.0;
				TARGETED_DEVICE_FAMILY = "1,2";
				TEST_TARGET_NAME = SwiftUIPDFView;
			};
			name = Debug;
		};
		D611E1CF2B4E9DBC009F58A8 /* Release */ = {
			isa = XCBuildConfiguration;
			buildSettings = {
				ALWAYS_EMBED_SWIFT_STANDARD_LIBRARIES = YES;
				CODE_SIGN_STYLE = Automatic;
				CURRENT_PROJECT_VERSION = 1;
				GENERATE_INFOPLIST_FILE = YES;
				MARKETING_VERSION = 1.0;
				PRODUCT_BUNDLE_IDENTIFIER = com.template.SwiftUIPDFViewUITests;
				PRODUCT_NAME = "$(TARGET_NAME)";
				SWIFT_EMIT_LOC_STRINGS = NO;
				SWIFT_VERSION = 5.0;
				TARGETED_DEVICE_FAMILY = "1,2";
				TEST_TARGET_NAME = SwiftUIPDFView;
			};
			name = Release;
		};
/* End XCBuildConfiguration section */

/* Begin XCConfigurationList section */
		D611E19E2B4E9DBA009F58A8 /* Build configuration list for PBXProject "SwiftUIPDFView" */ = {
			isa = XCConfigurationList;
			buildConfigurations = (
				D611E1C52B4E9DBC009F58A8 /* Debug */,
				D611E1C62B4E9DBC009F58A8 /* Release */,
			);
			defaultConfigurationIsVisible = 0;
			defaultConfigurationName = Release;
		};
		D611E1C72B4E9DBC009F58A8 /* Build configuration list for PBXNativeTarget "SwiftUIPDFView" */ = {
			isa = XCConfigurationList;
			buildConfigurations = (
				D611E1C82B4E9DBC009F58A8 /* Debug */,
				D611E1C92B4E9DBC009F58A8 /* Release */,
			);
			defaultConfigurationIsVisible = 0;
			defaultConfigurationName = Release;
		};
		D611E1CA2B4E9DBC009F58A8 /* Build configuration list for PBXNativeTarget "SwiftUIPDFViewTests" */ = {
			isa = XCConfigurationList;
			buildConfigurations = (
				D611E1CB2B4E9DBC009F58A8 /* Debug */,
				D611E1CC2B4E9DBC009F58A8 /* Release */,
			);
			defaultConfigurationIsVisible = 0;
			defaultConfigurationName = Release;
		};
		D611E1CD2B4E9DBC009F58A8 /* Build configuration list for PBXNativeTarget "SwiftUIPDFViewUITests" */ = {
			isa = XCConfigurationList;
			buildConfigurations = (
				D611E1CE2B4E9DBC009F58A8 /* Debug */,
				D611E1CF2B4E9DBC009F58A8 /* Release */,
			);
			defaultConfigurationIsVisible = 0;
			defaultConfigurationName = Release;
		};
/* End XCConfigurationList section */
	};
	rootObject = D611E19B2B4E9DBA009F58A8 /* Project object */;
}
